
Microsoft Visual Studio Solution File, Format Version 12.00
# Visual Studio Version 17
VisualStudioVersion = 17.0.31912.275
MinimumVisualStudioVersion = 10.0.40219.1
Project("{9A19103F-16F7-4668-BE54-9A1E7A4F7556}") = "FolderMemo", "FolderMemo\FolderMemo.csproj", "{3DDCECBC-45EE-4CD0-A5D0-67094051C863}"
EndProject
Project("{9A19103F-16F7-4668-BE54-9A1E7A4F7556}") = "MVVMLib", "MVVMLib\MVVMLib.csproj", "{7C5FD3E2-094B-4B7C-B244-59303FFF6E08}"
EndProject
Project("{9A19103F-16F7-4668-BE54-9A1E7A4F7556}") = "WpfControlLibrary", "WpfControlLibrary\WpfControlLibrary.csproj", "{4AAC2A6A-056E-4E00-9A01-82B68C65AE49}"
EndProject
Project("{2150E333-8FDC-42A3-9474-1A3956D46DE8}") = "Solution Items", "Solution Items", "{829020FA-96A9-423B-925B-9EE2C33855DB}"
	ProjectSection(SolutionItems) = preProject
		.editorconfig = .editorconfig
	EndProjectSection
EndProject
Global
	GlobalSection(SolutionConfigurationPlatforms) = preSolution
		Debug|Any CPU = Debug|Any CPU
		Debug|x64 = Debug|x64
		Release|Any CPU = Release|Any CPU
		Release|x64 = Release|x64
	EndGlobalSection
	GlobalSection(ProjectConfigurationPlatforms) = postSolution
		{3DDCECBC-45EE-4CD0-A5D0-67094051C863}.Debug|Any CPU.ActiveCfg = Debug|Any CPU
		{3DDCECBC-45EE-4CD0-A5D0-67094051C863}.Debug|Any CPU.Build.0 = Debug|Any CPU
		{3DDCECBC-45EE-4CD0-A5D0-67094051C863}.Debug|x64.ActiveCfg = Debug|x64
		{3DDCECBC-45EE-4CD0-A5D0-67094051C863}.Debug|x64.Build.0 = Debug|x64
		{3DDCECBC-45EE-4CD0-A5D0-67094051C863}.Release|Any CPU.ActiveCfg = Release|Any CPU
		{3DDCECBC-45EE-4CD0-A5D0-67094051C863}.Release|Any CPU.Build.0 = Release|Any CPU
		{3DDCECBC-45EE-4CD0-A5D0-67094051C863}.Release|x64.ActiveCfg = Release|x64
		{3DDCECBC-45EE-4CD0-A5D0-67094051C863}.Release|x64.Build.0 = Release|x64
		{7C5FD3E2-094B-4B7C-B244-59303FFF6E08}.Debug|Any CPU.ActiveCfg = Debug|Any CPU
		{7C5FD3E2-094B-4B7C-B244-59303FFF6E08}.Debug|Any CPU.Build.0 = Debug|Any CPU
		{7C5FD3E2-094B-4B7C-B244-59303FFF6E08}.Debug|x64.ActiveCfg = Debug|x64
		{7C5FD3E2-094B-4B7C-B244-59303FFF6E08}.Debug|x64.Build.0 = Debug|x64
		{7C5FD3E2-094B-4B7C-B244-59303FFF6E08}.Release|Any CPU.ActiveCfg = Release|Any CPU
		{7C5FD3E2-094B-4B7C-B244-59303FFF6E08}.Release|Any CPU.Build.0 = Release|Any CPU
		{7C5FD3E2-094B-4B7C-B244-59303FFF6E08}.Release|x64.ActiveCfg = Release|x64
		{7C5FD3E2-094B-4B7C-B244-59303FFF6E08}.Release|x64.Build.0 = Release|x64
		{4AAC2A6A-056E-4E00-9A01-82B68C65AE49}.Debug|Any CPU.ActiveCfg = Debug|Any CPU
		{4AAC2A6A-056E-4E00-9A01-82B68C65AE49}.Debug|Any CPU.Build.0 = Debug|Any CPU
		{4AAC2A6A-056E-4E00-9A01-82B68C65AE49}.Debug|x64.ActiveCfg = Debug|x64
		{4AAC2A6A-056E-4E00-9A01-82B68C65AE49}.Debug|x64.Build.0 = Debug|x64
		{4AAC2A6A-056E-4E00-9A01-82B68C65AE49}.Release|Any CPU.ActiveCfg = Release|Any CPU
		{4AAC2A6A-056E-4E00-9A01-82B68C65AE49}.Release|Any CPU.Build.0 = Release|Any CPU
		{4AAC2A6A-056E-4E00-9A01-82B68C65AE49}.Release|x64.ActiveCfg = Release|x64
		{4AAC2A6A-056E-4E00-9A01-82B68C65AE49}.Release|x64.Build.0 = Release|x64
	EndGlobalSection
	GlobalSection(SolutionProperties) = preSolution
		HideSolutionNode = FALSE
	EndGlobalSection
	GlobalSection(ExtensibilityGlobals) = postSolution
		SolutionGuid = {186ADFF4-6AF1-4729-B69A-205F724487BC}
	EndGlobalSection
EndGlobal
